PODS:
  - Base64 (1.1.2)
  - JWT (3.0.0-beta.3):
    - Base64 (~> 1.1.2)
  - Masonry (1.0.2)

DEPENDENCIES:
  - JWT (from `../../`)
  - Masonry

EXTERNAL SOURCES:
  JWT:
    :path: "../../"

SPEC CHECKSUMS:
  Base64: cecfb41a004124895a7bcee567a89bae5a89d49b
  JWT: a2e44b0d2273e28ae68cec30e95d3d460c76c298
  Masonry: 7c429b56da9d4ee0bbb3ed77a5ea710d6a5df39e

PODFILE CHECKSUM: fda93fc3e144e01200c97f1ff75bab5354c3505f

COCOAPODS: 1.2.1
